
Microsoft Visual Studio Solution File, Format Version 12.00
# Visual Studio Version 16
VisualStudioVersion = 25.0.1705.1
MinimumVisualStudioVersion = 10.0.40219.1
Project("{FAE04EC0-301F-11D3-BF4B-00C04F79EFBC}") = "InterfaceHomework", "InterfaceHomework\InterfaceHomework.csproj", "{05A9BAAF-7DA3-4350-BE85-F0E2882D6C67}"
EndProject
Global
	GlobalSection(SolutionConfigurationPlatforms) = preSolution
		Debug|Any CPU = Debug|Any CPU
		Release|Any CPU = Release|Any CPU
	EndGlobalSection
	GlobalSection(ProjectConfigurationPlatforms) = postSolution
		{05A9BAAF-7DA3-4350-BE85-F0E2882D6C67}.Debug|Any CPU.ActiveCfg = Debug|Any CPU
		{05A9BAAF-7DA3-4350-BE85-F0E2882D6C67}.Debug|Any CPU.Build.0 = Debug|Any CPU
		{05A9BAAF-7DA3-4350-BE85-F0E2882D6C67}.Release|Any CPU.ActiveCfg = Release|Any CPU
		{05A9BAAF-7DA3-4350-BE85-F0E2882D6C67}.Release|Any CPU.Build.0 = Release|Any CPU
	EndGlobalSection
	GlobalSection(SolutionProperties) = preSolution
		HideSolutionNode = FALSE
	EndGlobalSection
	GlobalSection(ExtensibilityGlobals) = postSolution
		SolutionGuid = {DE5A14E7-32C6-4F60-A8D5-DC7F5952469F}
	EndGlobalSection
EndGlobal
